version = 1
revision = 2
requires-python = ">=3.9, <3.13"
resolution-markers = [
    "python_full_version >= '3.12'",
    "python_full_version == '3.11.*'",
    "python_full_version < '3.11'",
]

[[package]]
name = "biopython"
version = "1.84"
source = { registry = "https://pypi.org/simple" }
dependencies = [
    { name = "numpy" },
]
sdist = { url = "https://files.pythonhosted.org/packages/9e/7f/eaca4de03f0ee06c9d578d2730fd55858a57cee3620c62d3bc17b5da5447/biopython-1.84.tar.gz", hash = "sha256:60fbe6f996e8a6866a42698c17e552127d99a9aab3259d6249fbaabd0e0cc7b4", size = 25793001, upload-time = "2024-06-28T04:05:45.535Z" }
wheels = [
    { url = "https://files.pythonhosted.org/packages/3c/41/9ae8eedc878d0d605e0a0c125f802662ceb9e8d241560b6b719246abab63/biopython-1.84-cp310-cp310-macosx_10_9_x86_64.whl", hash = "sha256:3c8beded38884abae4c74cb6ce54142da670273fd0b2919bd0f84f6e34d3056b", size = 2754132, upload-time = "2024-06-28T04:06:07.22Z" },
    { url = "https://files.pythonhosted.org/packages/fb/da/90c7fa24b0369633fff3f17ff42630a7c5afb719262478ccdd8dc028914b/biopython-1.84-cp310-cp310-macosx_11_0_arm64.whl", hash = "sha256:b51ef31bfb79872a182a85b4113625e1b553c024bb1586c72ac98b479f8d8fe4", size = 2737785, upload-time = "2024-06-28T04:06:10.356Z" },
    { url = "https://files.pythonhosted.org/packages/57/fd/99f06b60fd7a5de22b9f3ca279a25def5ce16a629025e453fbf53e4ec6d4/biopython-1.84-cp310-cp310-manylinux_2_17_aarch64.manylinux2014_aarch64.whl", hash = "sha256:ca8d6a88b9a9718074b3f5b450f9ea5adf7112a7dbaed55d82d5b623f5859a01", size = 3162459, upload-time = "2024-07-01T01:39:26.526Z" },
    { url = "https://files.pythonhosted.org/packages/46/3a/ebabbce6d7356091152402543ba2e3b2270cd12dd8153d800e585fa88900/biopython-1.84-cp310-cp310-manylinux_2_17_x86_64.manylinux2014_x86_64.whl", hash = "sha256:2dc2e77490725060330003f73b6b7d5172f8bc160f180de5877a2e899ad999d4", size = 3179983, upload-time = "2024-06-28T04:06:13.873Z" },
    { url = "https://files.pythonhosted.org/packages/c2/cc/117ca18ec2cdac61cd233d5c13f5abfb5270f560bca1214d7872ca418de6/biopython-1.84-cp310-cp310-win32.whl", hash = "sha256:4f39b38e7625c33384954130d90f19984e91cb5af64e2fb128603359f86884ad", size = 2755596, upload-time = "2024-06-28T04:06:17.275Z" },
    { url = "https://files.pythonhosted.org/packages/09/4b/ec7b34b767fc77e86d6857152faafca0d395a454ce60baad36f0f95a782b/biopython-1.84-cp310-cp310-win_amd64.whl", hash = "sha256:9e3f7476fd81f31e048965d7be2826f018686e870d96870f440b609002953954", size = 2792299, upload-time = "2024-06-28T04:06:20.414Z" },
    { url = "https://files.pythonhosted.org/packages/c5/7b/c1e9f66e23b01958ae0284a437a0e586ce20387fc6ea0382c21230ac59bc/biopython-1.84-cp311-cp311-macosx_10_9_x86_64.whl", hash = "sha256:2d4ed30aebd96b4aadeb1f04adce92795c696f5bd56d1fd45517b89059918dd4", size = 2754460, upload-time = "2024-06-28T04:06:23.472Z" },
    { url = "https://files.pythonhosted.org/packages/5f/49/c9ffacca2e26259e28215e0ac599db21adf4070359d2aa9d006f3ecf1051/biopython-1.84-cp311-cp311-macosx_11_0_arm64.whl", hash = "sha256:c792508988fc3ccf18eaae2a826c9cd97f1c27fb55bb87bdce6a101fee9f5a0c", size = 2737878, upload-time = "2024-06-28T04:06:29.943Z" },
    { url = "https://files.pythonhosted.org/packages/b4/d6/5aae16c1dd91284a40b769926cd69214ddbb986e710f6d44dbe1f6f20c34/biopython-1.84-cp311-cp311-manylinux_2_17_aarch64.manylinux2014_aarch64.whl", hash = "sha256:507ac3956f3107e77fee362ecb048dafb5f97cbcf110012d091418430c3227c7", size = 3174779, upload-time = "2024-07-01T01:39:30.596Z" },
    { url = "https://files.pythonhosted.org/packages/4c/3c/cecf231afa65e7194ac06ba981631a9870515bb7a37a15cad1ab414325c4/biopython-1.84-cp311-cp311-manylinux_2_17_x86_64.manylinux2014_x86_64.whl", hash = "sha256:894ee7533cca7f5f9769e2595fbe7b0dba5018f39a2170753d101a13e7585ff4", size = 3192041, upload-time = "2024-06-28T04:06:33.349Z" },
    { url = "https://files.pythonhosted.org/packages/0f/6c/3e8f01ddea31eeba4cddaa6dbb37b7978ea0164bd35b783fda9f5be59cc4/biopython-1.84-cp311-cp311-win32.whl", hash = "sha256:7f4c746825721ec367c2f2d6a8cda3bc6495a1e084e5b2fbab26e9467706603f", size = 2755506, upload-time = "2024-06-28T04:06:36.383Z" },
    { url = "https://files.pythonhosted.org/packages/89/38/e45df36e10de29141ba0e5d94bfb942925e62cb6ad182e58b74fa5edcfcc/biopython-1.84-cp311-cp311-win_amd64.whl", hash = "sha256:2cb8e839ab472244b6082635ad1df67c94c05df0bd02a023103ed00ea66c4d20", size = 2792261, upload-time = "2024-06-28T04:06:39.699Z" },
    { url = "https://files.pythonhosted.org/packages/f7/f6/a61af0d2c8c04e446bce4727e8124797132858f518b6d6543d0e7213abed/biopython-1.84-cp312-cp312-macosx_10_9_x86_64.whl", hash = "sha256:ba58a6d76288333c5f178a426116953fa68204bd0cfc401694087dd4f96d0059", size = 2755863, upload-time = "2024-06-28T04:06:42.849Z" },
    { url = "https://files.pythonhosted.org/packages/e9/1a/25c7df41987383070987f7b9842f48d3a33b0a78a85c2ca9d93ed810fa2a/biopython-1.84-cp312-cp312-macosx_11_0_arm64.whl", hash = "sha256:ee3566f6dc3acf20e238540daf896f0af20cff531521bf41fdf5143f73e209ae", size = 2738072, upload-time = "2024-06-28T04:06:45.297Z" },
    { url = "https://files.pythonhosted.org/packages/a2/b2/c7f2a0a151208c634ac1eaa5d6345899659b1d5a700a84ef2e4f2b0e80a9/biopython-1.84-cp312-cp312-manylinux_2_17_aarch64.manylinux2014_aarch64.whl", hash = "sha256:89ef3967f5a88b5bb6344bef75ae83386de53fed3966d5c8c334ad885f8db08a", size = 3186633, upload-time = "2024-07-01T01:39:33.433Z" },
    { url = "https://files.pythonhosted.org/packages/46/37/7db2bcbb396edba3f767dd89ac23ef5adc35c7a92ef3912c06d1e71469e1/biopython-1.84-cp312-cp312-manylinux_2_17_x86_64.manylinux2014_x86_64.whl", hash = "sha256:61765b71f84814a1eeb55ab222f43330aa7ad3e55ab91e8b444706149c67a281", size = 3206061, upload-time = "2024-06-28T04:06:48.08Z" },
    { url = "https://files.pythonhosted.org/packages/b2/12/6c9d73cbb8c9d19ab4187aaf187f967de6e83738947b7180fdd8bc9211a2/biopython-1.84-cp312-cp312-win32.whl", hash = "sha256:52b6098f47d6b90fc8a5e8579b81ee50047e9108f0976e69c891ae0c4817e42d", size = 2756622, upload-time = "2024-06-28T04:06:50.507Z" },
    { url = "https://files.pythonhosted.org/packages/d1/53/91d12cc254a804c797afaefec91ede04bc1f7cbd788a04ebbea9e31ee0cf/biopython-1.84-cp312-cp312-win_amd64.whl", hash = "sha256:ecff2fcf5da29b600474c0bfcdbbac0f98b25e22fe60a853d0ee798c00f7396c", size = 2792652, upload-time = "2024-06-28T04:06:53.134Z" },
    { url = "https://files.pythonhosted.org/packages/32/ec/9ded80f10708aea56f3d71bed665d2018df4ec829fe4e876196dbb96ae09/biopython-1.84-cp39-cp39-macosx_10_9_x86_64.whl", hash = "sha256:f4c1c9ad7da9eaf8d8f4515bf931a7f6548a468e7ef29b8429e31aaff2d95f4c", size = 2754124, upload-time = "2024-06-28T04:06:55.494Z" },
    { url = "https://files.pythonhosted.org/packages/d6/05/30d008e35c6809b293f5147006647efd322e99f66f4190d87fb3a5e73975/biopython-1.84-cp39-cp39-macosx_11_0_arm64.whl", hash = "sha256:9fbd4b67d3e71b0d716a1712ab8b4e57981c6549ba17ce5626ffa8976d170da7", size = 2737778, upload-time = "2024-06-28T04:06:58.189Z" },
    { url = "https://files.pythonhosted.org/packages/1e/35/6726725c8f4eeb0c1570a9721b1a9aea9e4d839cc3725bfabdee891a0955/biopython-1.84-cp39-cp39-manylinux_2_17_aarch64.manylinux2014_aarch64.whl", hash = "sha256:0c425a39871f652598f502671aa5f6b5125475a91333a368a47f9c611ca96db1", size = 3160647, upload-time = "2024-07-01T01:39:36.175Z" },
    { url = "https://files.pythonhosted.org/packages/56/e1/088b5d945df96904c4ef70f46f185fde475724d1de3b73645bc1527ca04e/biopython-1.84-cp39-cp39-manylinux_2_17_x86_64.manylinux2014_x86_64.whl", hash = "sha256:7b69d59f9a762c5bb5f77ed03f197dad05ebd702c34d2cae7be98f1f30e04089", size = 3178267, upload-time = "2024-06-28T04:07:00.769Z" },
    { url = "https://files.pythonhosted.org/packages/e7/94/bfda8684db1d1db1c918ae3a16649b18e2718d30ff48413d4315cd50c0b9/biopython-1.84-cp39-cp39-win32.whl", hash = "sha256:25f4ef193a307e403eb532e8f060b818e2d75f65803a2b0f4e645b0cae131b4e", size = 2755575, upload-time = "2024-06-28T04:07:03.924Z" },
    { url = "https://files.pythonhosted.org/packages/85/f3/b5d76b06b869bc047cdfa2db958578e24ccc841efc5797fe2daf302e907f/biopython-1.84-cp39-cp39-win_amd64.whl", hash = "sha256:b64575363bb2344073c949fd69a0bf3ea015b447aa1494e4813376855b479118", size = 2792274, upload-time = "2024-06-28T04:07:06.819Z" },
]

[[package]]
name = "blasttools"
version = "0.1.24"
source = { editable = "." }
dependencies = [
    { name = "biopython" },
    { name = "click" },
    { name = "pandas" },
]

[package.dev-dependencies]
dev = [
    { name = "mypy" },
    { name = "openpyxl" },
]

[package.metadata]
requires-dist = [
    { name = "biopython", specifier = "~=1.81" },
    { name = "click", specifier = ">=8.1.7,<9" },
    { name = "pandas", specifier = ">=2.1.1,<3" },
]

[package.metadata.requires-dev]
dev = [
    { name = "mypy", specifier = ">=1.6.0,<2" },
    { name = "openpyxl", specifier = ">=3.1.2,<4" },
]

[[package]]
name = "click"
version = "8.1.7"
source = { registry = "https://pypi.org/simple" }
dependencies = [
    { name = "colorama", marker = "sys_platform == 'win32'" },
]
sdist = { url = "https://files.pythonhosted.org/packages/96/d3/f04c7bfcf5c1862a2a5b845c6b2b360488cf47af55dfa79c98f6a6bf98b5/click-8.1.7.tar.gz", hash = "sha256:ca9853ad459e787e2192211578cc907e7594e294c7ccc834310722b41b9ca6de", size = 336121, upload-time = "2023-08-17T17:29:11.868Z" }
wheels = [
    { url = "https://files.pythonhosted.org/packages/00/2e/d53fa4befbf2cfa713304affc7ca780ce4fc1fd8710527771b58311a3229/click-8.1.7-py3-none-any.whl", hash = "sha256:ae74fb96c20a0277a1d615f1e4d73c8414f5a98db8b799a7931d1582f3390c28", size = 97941, upload-time = "2023-08-17T17:29:10.08Z" },
]

[[package]]
name = "colorama"
version = "0.4.6"
source = { registry = "https://pypi.org/simple" }
sdist = { url = "https://files.pythonhosted.org/packages/d8/53/6f443c9a4a8358a93a6792e2acffb9d9d5cb0a5cfd8802644b7b1c9a02e4/colorama-0.4.6.tar.gz", hash = "sha256:08695f5cb7ed6e0531a20572697297273c47b8cae5a63ffc6d6ed5c201be6e44", size = 27697, upload-time = "2022-10-25T02:36:22.414Z" }
wheels = [
    { url = "https://files.pythonhosted.org/packages/d1/d6/3965ed04c63042e047cb6a3e6ed1a63a35087b6a609aa3a15ed8ac56c221/colorama-0.4.6-py2.py3-none-any.whl", hash = "sha256:4f1d9991f5acc0ca119f9d443620b77f9d6b33703e51011c16baf57afb285fc6", size = 25335, upload-time = "2022-10-25T02:36:20.889Z" },
]

[[package]]
name = "et-xmlfile"
version = "1.1.0"
source = { registry = "https://pypi.org/simple" }
sdist = { url = "https://files.pythonhosted.org/packages/3d/5d/0413a31d184a20c763ad741cc7852a659bf15094c24840c5bdd1754765cd/et_xmlfile-1.1.0.tar.gz", hash = "sha256:8eb9e2bc2f8c97e37a2dc85a09ecdcdec9d8a396530a6d5a33b30b9a92da0c5c", size = 3218, upload-time = "2021-04-26T13:26:05.068Z" }
wheels = [
    { url = "https://files.pythonhosted.org/packages/96/c2/3dd434b0108730014f1b96fd286040dc3bcb70066346f7e01ec2ac95865f/et_xmlfile-1.1.0-py3-none-any.whl", hash = "sha256:a2ba85d1d6a74ef63837eed693bcb89c3f752169b0e3e7ae5b16ca5e1b3deada", size = 4688, upload-time = "2021-04-26T13:26:03.429Z" },
]

[[package]]
name = "mypy"
version = "1.10.0"
source = { registry = "https://pypi.org/simple" }
dependencies = [
    { name = "mypy-extensions" },
    { name = "tomli", marker = "python_full_version < '3.11'" },
    { name = "typing-extensions" },
]
sdist = { url = "https://files.pythonhosted.org/packages/c3/b6/297734bb9f20ddf5e831cf4a83f422ddef5a29a33463999f0959d9cdc2df/mypy-1.10.0.tar.gz", hash = "sha256:3d087fcbec056c4ee34974da493a826ce316947485cef3901f511848e687c131", size = 3022145, upload-time = "2024-04-24T13:53:30.447Z" }
wheels = [
    { url = "https://files.pythonhosted.org/packages/69/82/2081dbfbbf1071e1370e57f9e327adeda060113688ec0d6bf7bbf4d7a5ad/mypy-1.10.0-cp310-cp310-macosx_10_9_x86_64.whl", hash = "sha256:da1cbf08fb3b851ab3b9523a884c232774008267b1f83371ace57f412fe308c2", size = 10819193, upload-time = "2024-04-24T13:52:35.058Z" },
    { url = "https://files.pythonhosted.org/packages/e8/1b/b7c9caa89955a7d9c89eac79f31550f48f2c8233b5e12fe48ef55cd2e953/mypy-1.10.0-cp310-cp310-macosx_11_0_arm64.whl", hash = "sha256:12b6bfc1b1a66095ab413160a6e520e1dc076a28f3e22f7fb25ba3b000b4ef99", size = 9970689, upload-time = "2024-04-24T13:53:22.727Z" },
    { url = "https://files.pythonhosted.org/packages/15/ae/03d3f767f1ca5576970720ea551b43b79254d12998484d8f3e63fc07561e/mypy-1.10.0-cp310-cp310-manylinux_2_17_x86_64.manylinux2014_x86_64.whl", hash = "sha256:9e36fb078cce9904c7989b9693e41cb9711e0600139ce3970c6ef814b6ebc2b2", size = 12728098, upload-time = "2024-04-24T13:52:40.975Z" },
    { url = "https://files.pythonhosted.org/packages/96/ba/8f5db8bd94c18d86033d09bbe634d471c1e9d7014cc621585973183ad1d0/mypy-1.10.0-cp310-cp310-musllinux_1_1_x86_64.whl", hash = "sha256:2b0695d605ddcd3eb2f736cd8b4e388288c21e7de85001e9f85df9187f2b50f9", size = 12798838, upload-time = "2024-04-24T13:53:04.208Z" },
    { url = "https://files.pythonhosted.org/packages/0e/ad/d476f1055deea6e63a91e065ba046a7ee494705574c4f9730de439172810/mypy-1.10.0-cp310-cp310-win_amd64.whl", hash = "sha256:cd777b780312ddb135bceb9bc8722a73ec95e042f911cc279e2ec3c667076051", size = 9365995, upload-time = "2024-04-24T13:53:07.25Z" },
    { url = "https://files.pythonhosted.org/packages/86/ec/64ffed9ea554845ff846bd1f6fc7b07ab507be1d2e1b0d58790d7ac2ca4c/mypy-1.10.0-cp311-cp311-macosx_10_9_x86_64.whl", hash = "sha256:3be66771aa5c97602f382230165b856c231d1277c511c9a8dd058be4784472e1", size = 10739848, upload-time = "2024-04-24T13:52:58.596Z" },
    { url = "https://files.pythonhosted.org/packages/03/ac/f4fcb9d7a349953be5f4e78157a48b5110343a0e5228f77b3f7d1a1b8479/mypy-1.10.0-cp311-cp311-macosx_11_0_arm64.whl", hash = "sha256:8b2cbaca148d0754a54d44121b5825ae71868c7592a53b7292eeb0f3fdae95ee", size = 9902362, upload-time = "2024-04-24T13:52:38.397Z" },
    { url = "https://files.pythonhosted.org/packages/7e/36/ca2b82d89828f484f1a068d9e25c08840c4cc6f6549e7ea755f4391e351f/mypy-1.10.0-cp311-cp311-manylinux_2_17_x86_64.manylinux2014_x86_64.whl", hash = "sha256:1ec404a7cbe9fc0e92cb0e67f55ce0c025014e26d33e54d9e506a0f2d07fe5de", size = 12603712, upload-time = "2024-04-24T13:52:43.838Z" },
    { url = "https://files.pythonhosted.org/packages/b5/7a/54edb45a41de3bc66e5c3d2b7512a392b3f0f8b9c3d9465b9a2456b6a115/mypy-1.10.0-cp311-cp311-musllinux_1_1_x86_64.whl", hash = "sha256:e22e1527dc3d4aa94311d246b59e47f6455b8729f4968765ac1eacf9a4760bc7", size = 12676904, upload-time = "2024-04-24T13:53:16.518Z" },
    { url = "https://files.pythonhosted.org/packages/39/a5/e5aad5567ace09fcb179fbc3047cc2a6173743d84447b1ff71413e1a9881/mypy-1.10.0-cp311-cp311-win_amd64.whl", hash = "sha256:a87dbfa85971e8d59c9cc1fcf534efe664d8949e4c0b6b44e8ca548e746a8d53", size = 9355997, upload-time = "2024-04-24T13:53:25.379Z" },
    { url = "https://files.pythonhosted.org/packages/30/30/6da95275426cfd21fc0c2e96d85a45d35fc4f7d37bd3286fa49f8f465447/mypy-1.10.0-cp312-cp312-macosx_10_9_x86_64.whl", hash = "sha256:a781f6ad4bab20eef8b65174a57e5203f4be627b46291f4589879bf4e257b97b", size = 10867123, upload-time = "2024-04-24T13:53:13.417Z" },
    { url = "https://files.pythonhosted.org/packages/8c/d3/61cf1fae3b79d264f9f27de97e6e8fab8a37c85fdada5a46b6de333319f8/mypy-1.10.0-cp312-cp312-macosx_11_0_arm64.whl", hash = "sha256:b808e12113505b97d9023b0b5e0c0705a90571c6feefc6f215c1df9381256e30", size = 9859921, upload-time = "2024-04-24T13:53:27.85Z" },
    { url = "https://files.pythonhosted.org/packages/08/5d/a46e5222bd69a873a896ab4f0b5948979e03dce46c7712ccaa5204ca8d02/mypy-1.10.0-cp312-cp312-manylinux_2_17_x86_64.manylinux2014_x86_64.whl", hash = "sha256:8f55583b12156c399dce2df7d16f8a5095291354f1e839c252ec6c0611e86e2e", size = 12647776, upload-time = "2024-04-24T13:52:49.635Z" },
    { url = "https://files.pythonhosted.org/packages/1d/6a/d8df60f2e48291f1a790ded56fd96421ac6a992f33c2571c0bdf0552d83a/mypy-1.10.0-cp312-cp312-musllinux_1_1_x86_64.whl", hash = "sha256:4cf18f9d0efa1b16478c4c129eabec36148032575391095f73cae2e722fcf9d5", size = 12726191, upload-time = "2024-04-24T13:53:19.413Z" },
    { url = "https://files.pythonhosted.org/packages/5a/93/9a015720bcf484d4202ea7fc5960c328c82d5eb1578950d586339ec15084/mypy-1.10.0-cp312-cp312-win_amd64.whl", hash = "sha256:bc6ac273b23c6b82da3bb25f4136c4fd42665f17f2cd850771cb600bdd2ebeda", size = 9450377, upload-time = "2024-04-24T13:52:52.233Z" },
    { url = "https://files.pythonhosted.org/packages/b7/f0/99c0c116f40cfc5d5a1125bbbdd00a011833dd60bfe59f12408ba169cb71/mypy-1.10.0-cp39-cp39-macosx_10_9_x86_64.whl", hash = "sha256:fa7ef5244615a2523b56c034becde4e9e3f9b034854c93639adb667ec9ec2976", size = 10813882, upload-time = "2024-04-24T13:52:20.05Z" },
    { url = "https://files.pythonhosted.org/packages/2c/b2/f8ad2295bf71cdc90893fd78b0cec3565b4959971dfa8f85daaa7e5e0fe7/mypy-1.10.0-cp39-cp39-macosx_11_0_arm64.whl", hash = "sha256:3236a4c8f535a0631f85f5fcdffba71c7feeef76a6002fcba7c1a8e57c8be1ec", size = 9968886, upload-time = "2024-04-24T13:52:22.721Z" },
    { url = "https://files.pythonhosted.org/packages/fc/64/a3da2c8e727ed03b8c2e25759d7373548c7c2787fcebf0607202597857d9/mypy-1.10.0-cp39-cp39-manylinux_2_17_x86_64.manylinux2014_x86_64.whl", hash = "sha256:4a2b5cdbb5dd35aa08ea9114436e0d79aceb2f38e32c21684dcf8e24e1e92821", size = 12724300, upload-time = "2024-04-24T13:52:25.813Z" },
    { url = "https://files.pythonhosted.org/packages/c7/2c/305bb3cced713e9b19bd4cd9f46d856b257025b58baa5e5c958c66120c35/mypy-1.10.0-cp39-cp39-musllinux_1_1_x86_64.whl", hash = "sha256:92f93b21c0fe73dc00abf91022234c79d793318b8a96faac147cd579c1671746", size = 12795011, upload-time = "2024-04-24T13:52:29.407Z" },
    { url = "https://files.pythonhosted.org/packages/7b/57/65003a656964ddcfc280a34dda8ee9b14033083042eff4a16c4264a23360/mypy-1.10.0-cp39-cp39-win_amd64.whl", hash = "sha256:28d0e038361b45f099cc086d9dd99c15ff14d0188f44ac883010e172ce86c38a", size = 9362446, upload-time = "2024-04-24T13:52:17.431Z" },
    { url = "https://files.pythonhosted.org/packages/e9/39/0148f7ee1b7f3a86d378a23b88cb85c432f83914ceb60364efa1769c598f/mypy-1.10.0-py3-none-any.whl", hash = "sha256:f8c083976eb530019175aabadb60921e73b4f45736760826aa1689dda8208aee", size = 2580084, upload-time = "2024-04-24T13:52:13.843Z" },
]

[[package]]
name = "mypy-extensions"
version = "1.0.0"
source = { registry = "https://pypi.org/simple" }
sdist = { url = "https://files.pythonhosted.org/packages/98/a4/1ab47638b92648243faf97a5aeb6ea83059cc3624972ab6b8d2316078d3f/mypy_extensions-1.0.0.tar.gz", hash = "sha256:75dbf8955dc00442a438fc4d0666508a9a97b6bd41aa2f0ffe9d2f2725af0782", size = 4433, upload-time = "2023-02-04T12:11:27.157Z" }
wheels = [
    { url = "https://files.pythonhosted.org/packages/2a/e2/5d3f6ada4297caebe1a2add3b126fe800c96f56dbe5d1988a2cbe0b267aa/mypy_extensions-1.0.0-py3-none-any.whl", hash = "sha256:4392f6c0eb8a5668a69e23d168ffa70f0be9ccfd32b5cc2d26a34ae5b844552d", size = 4695, upload-time = "2023-02-04T12:11:25.002Z" },
]

[[package]]
name = "numpy"
version = "2.0.2"
source = { registry = "https://pypi.org/simple" }
sdist = { url = "https://files.pythonhosted.org/packages/a9/75/10dd1f8116a8b796cb2c737b674e02d02e80454bda953fa7e65d8c12b016/numpy-2.0.2.tar.gz", hash = "sha256:883c987dee1880e2a864ab0dc9892292582510604156762362d9326444636e78", size = 18902015, upload-time = "2024-08-26T20:19:40.945Z" }
wheels = [
    { url = "https://files.pythonhosted.org/packages/21/91/3495b3237510f79f5d81f2508f9f13fea78ebfdf07538fc7444badda173d/numpy-2.0.2-cp310-cp310-macosx_10_9_x86_64.whl", hash = "sha256:51129a29dbe56f9ca83438b706e2e69a39892b5eda6cedcb6b0c9fdc9b0d3ece", size = 21165245, upload-time = "2024-08-26T20:04:14.625Z" },
    { url = "https://files.pythonhosted.org/packages/05/33/26178c7d437a87082d11019292dce6d3fe6f0e9026b7b2309cbf3e489b1d/numpy-2.0.2-cp310-cp310-macosx_11_0_arm64.whl", hash = "sha256:f15975dfec0cf2239224d80e32c3170b1d168335eaedee69da84fbe9f1f9cd04", size = 13738540, upload-time = "2024-08-26T20:04:36.784Z" },
    { url = "https://files.pythonhosted.org/packages/ec/31/cc46e13bf07644efc7a4bf68df2df5fb2a1a88d0cd0da9ddc84dc0033e51/numpy-2.0.2-cp310-cp310-macosx_14_0_arm64.whl", hash = "sha256:8c5713284ce4e282544c68d1c3b2c7161d38c256d2eefc93c1d683cf47683e66", size = 5300623, upload-time = "2024-08-26T20:04:46.491Z" },
    { url = "https://files.pythonhosted.org/packages/6e/16/7bfcebf27bb4f9d7ec67332ffebee4d1bf085c84246552d52dbb548600e7/numpy-2.0.2-cp310-cp310-macosx_14_0_x86_64.whl", hash = "sha256:becfae3ddd30736fe1889a37f1f580e245ba79a5855bff5f2a29cb3ccc22dd7b", size = 6901774, upload-time = "2024-08-26T20:04:58.173Z" },
    { url = "https://files.pythonhosted.org/packages/f9/a3/561c531c0e8bf082c5bef509d00d56f82e0ea7e1e3e3a7fc8fa78742a6e5/numpy-2.0.2-cp310-cp310-manylinux_2_17_aarch64.manylinux2014_aarch64.whl", hash = "sha256:2da5960c3cf0df7eafefd806d4e612c5e19358de82cb3c343631188991566ccd", size = 13907081, upload-time = "2024-08-26T20:05:19.098Z" },
    { url = "https://files.pythonhosted.org/packages/fa/66/f7177ab331876200ac7563a580140643d1179c8b4b6a6b0fc9838de2a9b8/numpy-2.0.2-cp310-cp310-manylinux_2_17_x86_64.manylinux2014_x86_64.whl", hash = "sha256:496f71341824ed9f3d2fd36cf3ac57ae2e0165c143b55c3a035ee219413f3318", size = 19523451, upload-time = "2024-08-26T20:05:47.479Z" },
    { url = "https://files.pythonhosted.org/packages/25/7f/0b209498009ad6453e4efc2c65bcdf0ae08a182b2b7877d7ab38a92dc542/numpy-2.0.2-cp310-cp310-musllinux_1_1_x86_64.whl", hash = "sha256:a61ec659f68ae254e4d237816e33171497e978140353c0c2038d46e63282d0c8", size = 19927572, upload-time = "2024-08-26T20:06:17.137Z" },
    { url = "https://files.pythonhosted.org/packages/3e/df/2619393b1e1b565cd2d4c4403bdd979621e2c4dea1f8532754b2598ed63b/numpy-2.0.2-cp310-cp310-musllinux_1_2_aarch64.whl", hash = "sha256:d731a1c6116ba289c1e9ee714b08a8ff882944d4ad631fd411106a30f083c326", size = 14400722, upload-time = "2024-08-26T20:06:39.16Z" },
    { url = "https://files.pythonhosted.org/packages/22/ad/77e921b9f256d5da36424ffb711ae79ca3f451ff8489eeca544d0701d74a/numpy-2.0.2-cp310-cp310-win32.whl", hash = "sha256:984d96121c9f9616cd33fbd0618b7f08e0cfc9600a7ee1d6fd9b239186d19d97", size = 6472170, upload-time = "2024-08-26T20:06:50.361Z" },
    { url = "https://files.pythonhosted.org/packages/10/05/3442317535028bc29cf0c0dd4c191a4481e8376e9f0db6bcf29703cadae6/numpy-2.0.2-cp310-cp310-win_amd64.whl", hash = "sha256:c7b0be4ef08607dd04da4092faee0b86607f111d5ae68036f16cc787e250a131", size = 15905558, upload-time = "2024-08-26T20:07:13.881Z" },
    { url = "https://files.pythonhosted.org/packages/8b/cf/034500fb83041aa0286e0fb16e7c76e5c8b67c0711bb6e9e9737a717d5fe/numpy-2.0.2-cp311-cp311-macosx_10_9_x86_64.whl", hash = "sha256:49ca4decb342d66018b01932139c0961a8f9ddc7589611158cb3c27cbcf76448", size = 21169137, upload-time = "2024-08-26T20:07:45.345Z" },
    { url = "https://files.pythonhosted.org/packages/4a/d9/32de45561811a4b87fbdee23b5797394e3d1504b4a7cf40c10199848893e/numpy-2.0.2-cp311-cp311-macosx_11_0_arm64.whl", hash = "sha256:11a76c372d1d37437857280aa142086476136a8c0f373b2e648ab2c8f18fb195", size = 13703552, upload-time = "2024-08-26T20:08:06.666Z" },
    { url = "https://files.pythonhosted.org/packages/c1/ca/2f384720020c7b244d22508cb7ab23d95f179fcfff33c31a6eeba8d6c512/numpy-2.0.2-cp311-cp311-macosx_14_0_arm64.whl", hash = "sha256:807ec44583fd708a21d4a11d94aedf2f4f3c3719035c76a2bbe1fe8e217bdc57", size = 5298957, upload-time = "2024-08-26T20:08:15.83Z" },
    { url = "https://files.pythonhosted.org/packages/0e/78/a3e4f9fb6aa4e6fdca0c5428e8ba039408514388cf62d89651aade838269/numpy-2.0.2-cp311-cp311-macosx_14_0_x86_64.whl", hash = "sha256:8cafab480740e22f8d833acefed5cc87ce276f4ece12fdaa2e8903db2f82897a", size = 6905573, upload-time = "2024-08-26T20:08:27.185Z" },
    { url = "https://files.pythonhosted.org/packages/a0/72/cfc3a1beb2caf4efc9d0b38a15fe34025230da27e1c08cc2eb9bfb1c7231/numpy-2.0.2-cp311-cp311-manylinux_2_17_aarch64.manylinux2014_aarch64.whl", hash = "sha256:a15f476a45e6e5a3a79d8a14e62161d27ad897381fecfa4a09ed5322f2085669", size = 13914330, upload-time = "2024-08-26T20:08:48.058Z" },
    { url = "https://files.pythonhosted.org/packages/ba/a8/c17acf65a931ce551fee11b72e8de63bf7e8a6f0e21add4c937c83563538/numpy-2.0.2-cp311-cp311-manylinux_2_17_x86_64.manylinux2014_x86_64.whl", hash = "sha256:13e689d772146140a252c3a28501da66dfecd77490b498b168b501835041f951", size = 19534895, upload-time = "2024-08-26T20:09:16.536Z" },
    { url = "https://files.pythonhosted.org/packages/ba/86/8767f3d54f6ae0165749f84648da9dcc8cd78ab65d415494962c86fac80f/numpy-2.0.2-cp311-cp311-musllinux_1_1_x86_64.whl", hash = "sha256:9ea91dfb7c3d1c56a0e55657c0afb38cf1eeae4544c208dc465c3c9f3a7c09f9", size = 19937253, upload-time = "2024-08-26T20:09:46.263Z" },
    { url = "https://files.pythonhosted.org/packages/df/87/f76450e6e1c14e5bb1eae6836478b1028e096fd02e85c1c37674606ab752/numpy-2.0.2-cp311-cp311-musllinux_1_2_aarch64.whl", hash = "sha256:c1c9307701fec8f3f7a1e6711f9089c06e6284b3afbbcd259f7791282d660a15", size = 14414074, upload-time = "2024-08-26T20:10:08.483Z" },
    { url = "https://files.pythonhosted.org/packages/5c/ca/0f0f328e1e59f73754f06e1adfb909de43726d4f24c6a3f8805f34f2b0fa/numpy-2.0.2-cp311-cp311-win32.whl", hash = "sha256:a392a68bd329eafac5817e5aefeb39038c48b671afd242710b451e76090e81f4", size = 6470640, upload-time = "2024-08-26T20:10:19.732Z" },
    { url = "https://files.pythonhosted.org/packages/eb/57/3a3f14d3a759dcf9bf6e9eda905794726b758819df4663f217d658a58695/numpy-2.0.2-cp311-cp311-win_amd64.whl", hash = "sha256:286cd40ce2b7d652a6f22efdfc6d1edf879440e53e76a75955bc0c826c7e64dc", size = 15910230, upload-time = "2024-08-26T20:10:43.413Z" },
    { url = "https://files.pythonhosted.org/packages/45/40/2e117be60ec50d98fa08c2f8c48e09b3edea93cfcabd5a9ff6925d54b1c2/numpy-2.0.2-cp312-cp312-macosx_10_9_x86_64.whl", hash = "sha256:df55d490dea7934f330006d0f81e8551ba6010a5bf035a249ef61a94f21c500b", size = 20895803, upload-time = "2024-08-26T20:11:13.916Z" },
    { url = "https://files.pythonhosted.org/packages/46/92/1b8b8dee833f53cef3e0a3f69b2374467789e0bb7399689582314df02651/numpy-2.0.2-cp312-cp312-macosx_11_0_arm64.whl", hash = "sha256:8df823f570d9adf0978347d1f926b2a867d5608f434a7cff7f7908c6570dcf5e", size = 13471835, upload-time = "2024-08-26T20:11:34.779Z" },
    { url = "https://files.pythonhosted.org/packages/7f/19/e2793bde475f1edaea6945be141aef6c8b4c669b90c90a300a8954d08f0a/numpy-2.0.2-cp312-cp312-macosx_14_0_arm64.whl", hash = "sha256:9a92ae5c14811e390f3767053ff54eaee3bf84576d99a2456391401323f4ec2c", size = 5038499, upload-time = "2024-08-26T20:11:43.902Z" },
    { url = "https://files.pythonhosted.org/packages/e3/ff/ddf6dac2ff0dd50a7327bcdba45cb0264d0e96bb44d33324853f781a8f3c/numpy-2.0.2-cp312-cp312-macosx_14_0_x86_64.whl", hash = "sha256:a842d573724391493a97a62ebbb8e731f8a5dcc5d285dfc99141ca15a3302d0c", size = 6633497, upload-time = "2024-08-26T20:11:55.09Z" },
    { url = "https://files.pythonhosted.org/packages/72/21/67f36eac8e2d2cd652a2e69595a54128297cdcb1ff3931cfc87838874bd4/numpy-2.0.2-cp312-cp312-manylinux_2_17_aarch64.manylinux2014_aarch64.whl", hash = "sha256:c05e238064fc0610c840d1cf6a13bf63d7e391717d247f1bf0318172e759e692", size = 13621158, upload-time = "2024-08-26T20:12:14.95Z" },
    { url = "https://files.pythonhosted.org/packages/39/68/e9f1126d757653496dbc096cb429014347a36b228f5a991dae2c6b6cfd40/numpy-2.0.2-cp312-cp312-manylinux_2_17_x86_64.manylinux2014_x86_64.whl", hash = "sha256:0123ffdaa88fa4ab64835dcbde75dcdf89c453c922f18dced6e27c90d1d0ec5a", size = 19236173, upload-time = "2024-08-26T20:12:44.049Z" },
    { url = "https://files.pythonhosted.org/packages/d1/e9/1f5333281e4ebf483ba1c888b1d61ba7e78d7e910fdd8e6499667041cc35/numpy-2.0.2-cp312-cp312-musllinux_1_1_x86_64.whl", hash = "sha256:96a55f64139912d61de9137f11bf39a55ec8faec288c75a54f93dfd39f7eb40c", size = 19634174, upload-time = "2024-08-26T20:13:13.634Z" },
    { url = "https://files.pythonhosted.org/packages/71/af/a469674070c8d8408384e3012e064299f7a2de540738a8e414dcfd639996/numpy-2.0.2-cp312-cp312-musllinux_1_2_aarch64.whl", hash = "sha256:ec9852fb39354b5a45a80bdab5ac02dd02b15f44b3804e9f00c556bf24b4bded", size = 14099701, upload-time = "2024-08-26T20:13:34.851Z" },
    { url = "https://files.pythonhosted.org/packages/d0/3d/08ea9f239d0e0e939b6ca52ad403c84a2bce1bde301a8eb4888c1c1543f1/numpy-2.0.2-cp312-cp312-win32.whl", hash = "sha256:671bec6496f83202ed2d3c8fdc486a8fc86942f2e69ff0e986140339a63bcbe5", size = 6174313, upload-time = "2024-08-26T20:13:45.653Z" },
    { url = "https://files.pythonhosted.org/packages/b2/b5/4ac39baebf1fdb2e72585c8352c56d063b6126be9fc95bd2bb5ef5770c20/numpy-2.0.2-cp312-cp312-win_amd64.whl", hash = "sha256:cfd41e13fdc257aa5778496b8caa5e856dc4896d4ccf01841daee1d96465467a", size = 15606179, upload-time = "2024-08-26T20:14:08.786Z" },
    { url = "https://files.pythonhosted.org/packages/43/c1/41c8f6df3162b0c6ffd4437d729115704bd43363de0090c7f913cfbc2d89/numpy-2.0.2-cp39-cp39-macosx_10_9_x86_64.whl", hash = "sha256:9059e10581ce4093f735ed23f3b9d283b9d517ff46009ddd485f1747eb22653c", size = 21169942, upload-time = "2024-08-26T20:14:40.108Z" },
    { url = "https://files.pythonhosted.org/packages/39/bc/fd298f308dcd232b56a4031fd6ddf11c43f9917fbc937e53762f7b5a3bb1/numpy-2.0.2-cp39-cp39-macosx_11_0_arm64.whl", hash = "sha256:423e89b23490805d2a5a96fe40ec507407b8ee786d66f7328be214f9679df6dd", size = 13711512, upload-time = "2024-08-26T20:15:00.985Z" },
    { url = "https://files.pythonhosted.org/packages/96/ff/06d1aa3eeb1c614eda245c1ba4fb88c483bee6520d361641331872ac4b82/numpy-2.0.2-cp39-cp39-macosx_14_0_arm64.whl", hash = "sha256:2b2955fa6f11907cf7a70dab0d0755159bca87755e831e47932367fc8f2f2d0b", size = 5306976, upload-time = "2024-08-26T20:15:10.876Z" },
    { url = "https://files.pythonhosted.org/packages/2d/98/121996dcfb10a6087a05e54453e28e58694a7db62c5a5a29cee14c6e047b/numpy-2.0.2-cp39-cp39-macosx_14_0_x86_64.whl", hash = "sha256:97032a27bd9d8988b9a97a8c4d2c9f2c15a81f61e2f21404d7e8ef00cb5be729", size = 6906494, upload-time = "2024-08-26T20:15:22.055Z" },
    { url = "https://files.pythonhosted.org/packages/15/31/9dffc70da6b9bbf7968f6551967fc21156207366272c2a40b4ed6008dc9b/numpy-2.0.2-cp39-cp39-manylinux_2_17_aarch64.manylinux2014_aarch64.whl", hash = "sha256:1e795a8be3ddbac43274f18588329c72939870a16cae810c2b73461c40718ab1", size = 13912596, upload-time = "2024-08-26T20:15:42.452Z" },
    { url = "https://files.pythonhosted.org/packages/b9/14/78635daab4b07c0930c919d451b8bf8c164774e6a3413aed04a6d95758ce/numpy-2.0.2-cp39-cp39-manylinux_2_17_x86_64.manylinux2014_x86_64.whl", hash = "sha256:f26b258c385842546006213344c50655ff1555a9338e2e5e02a0756dc3e803dd", size = 19526099, upload-time = "2024-08-26T20:16:11.048Z" },
    { url = "https://files.pythonhosted.org/packages/26/4c/0eeca4614003077f68bfe7aac8b7496f04221865b3a5e7cb230c9d055afd/numpy-2.0.2-cp39-cp39-musllinux_1_1_x86_64.whl", hash = "sha256:5fec9451a7789926bcf7c2b8d187292c9f93ea30284802a0ab3f5be8ab36865d", size = 19932823, upload-time = "2024-08-26T20:16:40.171Z" },
    { url = "https://files.pythonhosted.org/packages/f1/46/ea25b98b13dccaebddf1a803f8c748680d972e00507cd9bc6dcdb5aa2ac1/numpy-2.0.2-cp39-cp39-musllinux_1_2_aarch64.whl", hash = "sha256:9189427407d88ff25ecf8f12469d4d39d35bee1db5d39fc5c168c6f088a6956d", size = 14404424, upload-time = "2024-08-26T20:17:02.604Z" },
    { url = "https://files.pythonhosted.org/packages/c8/a6/177dd88d95ecf07e722d21008b1b40e681a929eb9e329684d449c36586b2/numpy-2.0.2-cp39-cp39-win32.whl", hash = "sha256:905d16e0c60200656500c95b6b8dca5d109e23cb24abc701d41c02d74c6b3afa", size = 6476809, upload-time = "2024-08-26T20:17:13.553Z" },
    { url = "https://files.pythonhosted.org/packages/ea/2b/7fc9f4e7ae5b507c1a3a21f0f15ed03e794c1242ea8a242ac158beb56034/numpy-2.0.2-cp39-cp39-win_amd64.whl", hash = "sha256:a3f4ab0caa7f053f6797fcd4e1e25caee367db3112ef2b6ef82d749530768c73", size = 15911314, upload-time = "2024-08-26T20:17:36.72Z" },
    { url = "https://files.pythonhosted.org/packages/8f/3b/df5a870ac6a3be3a86856ce195ef42eec7ae50d2a202be1f5a4b3b340e14/numpy-2.0.2-pp39-pypy39_pp73-macosx_10_9_x86_64.whl", hash = "sha256:7f0a0c6f12e07fa94133c8a67404322845220c06a9e80e85999afe727f7438b8", size = 21025288, upload-time = "2024-08-26T20:18:07.732Z" },
    { url = "https://files.pythonhosted.org/packages/2c/97/51af92f18d6f6f2d9ad8b482a99fb74e142d71372da5d834b3a2747a446e/numpy-2.0.2-pp39-pypy39_pp73-macosx_14_0_x86_64.whl", hash = "sha256:312950fdd060354350ed123c0e25a71327d3711584beaef30cdaa93320c392d4", size = 6762793, upload-time = "2024-08-26T20:18:19.125Z" },
    { url = "https://files.pythonhosted.org/packages/12/46/de1fbd0c1b5ccaa7f9a005b66761533e2f6a3e560096682683a223631fe9/numpy-2.0.2-pp39-pypy39_pp73-manylinux_2_17_x86_64.manylinux2014_x86_64.whl", hash = "sha256:26df23238872200f63518dd2aa984cfca675d82469535dc7162dc2ee52d9dd5c", size = 19334885, upload-time = "2024-08-26T20:18:47.237Z" },
    { url = "https://files.pythonhosted.org/packages/cc/dc/d330a6faefd92b446ec0f0dfea4c3207bb1fef3c4771d19cf4543efd2c78/numpy-2.0.2-pp39-pypy39_pp73-win_amd64.whl", hash = "sha256:a46288ec55ebbd58947d31d72be2c63cbf839f0a63b49cb755022310792a3385", size = 15828784, upload-time = "2024-08-26T20:19:11.19Z" },
]

[[package]]
name = "openpyxl"
version = "3.1.2"
source = { registry = "https://pypi.org/simple" }
dependencies = [
    { name = "et-xmlfile" },
]
sdist = { url = "https://files.pythonhosted.org/packages/42/e8/af028681d493814ca9c2ff8106fc62a4a32e4e0ae14602c2a98fc7b741c8/openpyxl-3.1.2.tar.gz", hash = "sha256:a6f5977418eff3b2d5500d54d9db50c8277a368436f4e4f8ddb1be3422870184", size = 185977, upload-time = "2023-03-11T16:58:38.78Z" }
wheels = [
    { url = "https://files.pythonhosted.org/packages/6a/94/a59521de836ef0da54aaf50da6c4da8fb4072fb3053fa71f052fd9399e7a/openpyxl-3.1.2-py2.py3-none-any.whl", hash = "sha256:f91456ead12ab3c6c2e9491cf33ba6d08357d802192379bb482f1033ade496f5", size = 249985, upload-time = "2023-03-11T16:58:36.257Z" },
]

[[package]]
name = "pandas"
version = "2.2.3"
source = { registry = "https://pypi.org/simple" }
dependencies = [
    { name = "numpy" },
    { name = "python-dateutil" },
    { name = "pytz" },
    { name = "tzdata" },
]
sdist = { url = "https://files.pythonhosted.org/packages/9c/d6/9f8431bacc2e19dca897724cd097b1bb224a6ad5433784a44b587c7c13af/pandas-2.2.3.tar.gz", hash = "sha256:4f18ba62b61d7e192368b84517265a99b4d7ee8912f8708660fb4a366cc82667", size = 4399213, upload-time = "2024-09-20T13:10:04.827Z" }
wheels = [
    { url = "https://files.pythonhosted.org/packages/aa/70/c853aec59839bceed032d52010ff5f1b8d87dc3114b762e4ba2727661a3b/pandas-2.2.3-cp310-cp310-macosx_10_9_x86_64.whl", hash = "sha256:1948ddde24197a0f7add2bdc4ca83bf2b1ef84a1bc8ccffd95eda17fd836ecb5", size = 12580827, upload-time = "2024-09-20T13:08:42.347Z" },
    { url = "https://files.pythonhosted.org/packages/99/f2/c4527768739ffa4469b2b4fff05aa3768a478aed89a2f271a79a40eee984/pandas-2.2.3-cp310-cp310-macosx_11_0_arm64.whl", hash = "sha256:381175499d3802cde0eabbaf6324cce0c4f5d52ca6f8c377c29ad442f50f6348", size = 11303897, upload-time = "2024-09-20T13:08:45.807Z" },
    { url = "https://files.pythonhosted.org/packages/ed/12/86c1747ea27989d7a4064f806ce2bae2c6d575b950be087837bdfcabacc9/pandas-2.2.3-cp310-cp310-manylinux2014_aarch64.manylinux_2_17_aarch64.whl", hash = "sha256:d9c45366def9a3dd85a6454c0e7908f2b3b8e9c138f5dc38fed7ce720d8453ed", size = 66480908, upload-time = "2024-09-20T18:37:13.513Z" },
    { url = "https://files.pythonhosted.org/packages/44/50/7db2cd5e6373ae796f0ddad3675268c8d59fb6076e66f0c339d61cea886b/pandas-2.2.3-cp310-cp310-manylinux_2_17_x86_64.manylinux2014_x86_64.whl", hash = "sha256:86976a1c5b25ae3f8ccae3a5306e443569ee3c3faf444dfd0f41cda24667ad57", size = 13064210, upload-time = "2024-09-20T13:08:48.325Z" },
    { url = "https://files.pythonhosted.org/packages/61/61/a89015a6d5536cb0d6c3ba02cebed51a95538cf83472975275e28ebf7d0c/pandas-2.2.3-cp310-cp310-musllinux_1_2_aarch64.whl", hash = "sha256:b8661b0238a69d7aafe156b7fa86c44b881387509653fdf857bebc5e4008ad42", size = 16754292, upload-time = "2024-09-20T19:01:54.443Z" },
    { url = "https://files.pythonhosted.org/packages/ce/0d/4cc7b69ce37fac07645a94e1d4b0880b15999494372c1523508511b09e40/pandas-2.2.3-cp310-cp310-musllinux_1_2_x86_64.whl", hash = "sha256:37e0aced3e8f539eccf2e099f65cdb9c8aa85109b0be6e93e2baff94264bdc6f", size = 14416379, upload-time = "2024-09-20T13:08:50.882Z" },
    { url = "https://files.pythonhosted.org/packages/31/9e/6ebb433de864a6cd45716af52a4d7a8c3c9aaf3a98368e61db9e69e69a9c/pandas-2.2.3-cp310-cp310-win_amd64.whl", hash = "sha256:56534ce0746a58afaf7942ba4863e0ef81c9c50d3f0ae93e9497d6a41a057645", size = 11598471, upload-time = "2024-09-20T13:08:53.332Z" },
    { url = "https://files.pythonhosted.org/packages/a8/44/d9502bf0ed197ba9bf1103c9867d5904ddcaf869e52329787fc54ed70cc8/pandas-2.2.3-cp311-cp311-macosx_10_9_x86_64.whl", hash = "sha256:66108071e1b935240e74525006034333f98bcdb87ea116de573a6a0dccb6c039", size = 12602222, upload-time = "2024-09-20T13:08:56.254Z" },
    { url = "https://files.pythonhosted.org/packages/52/11/9eac327a38834f162b8250aab32a6781339c69afe7574368fffe46387edf/pandas-2.2.3-cp311-cp311-macosx_11_0_arm64.whl", hash = "sha256:7c2875855b0ff77b2a64a0365e24455d9990730d6431b9e0ee18ad8acee13dbd", size = 11321274, upload-time = "2024-09-20T13:08:58.645Z" },
    { url = "https://files.pythonhosted.org/packages/45/fb/c4beeb084718598ba19aa9f5abbc8aed8b42f90930da861fcb1acdb54c3a/pandas-2.2.3-cp311-cp311-manylinux2014_aarch64.manylinux_2_17_aarch64.whl", hash = "sha256:cd8d0c3be0515c12fed0bdbae072551c8b54b7192c7b1fda0ba56059a0179698", size = 15579836, upload-time = "2024-09-20T19:01:57.571Z" },
    { url = "https://files.pythonhosted.org/packages/cd/5f/4dba1d39bb9c38d574a9a22548c540177f78ea47b32f99c0ff2ec499fac5/pandas-2.2.3-cp311-cp311-manylinux_2_17_x86_64.manylinux2014_x86_64.whl", hash = "sha256:c124333816c3a9b03fbeef3a9f230ba9a737e9e5bb4060aa2107a86cc0a497fc", size = 13058505, upload-time = "2024-09-20T13:09:01.501Z" },
    { url = "https://files.pythonhosted.org/packages/b9/57/708135b90391995361636634df1f1130d03ba456e95bcf576fada459115a/pandas-2.2.3-cp311-cp311-musllinux_1_2_aarch64.whl", hash = "sha256:63cc132e40a2e084cf01adf0775b15ac515ba905d7dcca47e9a251819c575ef3", size = 16744420, upload-time = "2024-09-20T19:02:00.678Z" },
    { url = "https://files.pythonhosted.org/packages/86/4a/03ed6b7ee323cf30404265c284cee9c65c56a212e0a08d9ee06984ba2240/pandas-2.2.3-cp311-cp311-musllinux_1_2_x86_64.whl", hash = "sha256:29401dbfa9ad77319367d36940cd8a0b3a11aba16063e39632d98b0e931ddf32", size = 14440457, upload-time = "2024-09-20T13:09:04.105Z" },
    { url = "https://files.pythonhosted.org/packages/ed/8c/87ddf1fcb55d11f9f847e3c69bb1c6f8e46e2f40ab1a2d2abadb2401b007/pandas-2.2.3-cp311-cp311-win_amd64.whl", hash = "sha256:3fc6873a41186404dad67245896a6e440baacc92f5b716ccd1bc9ed2995ab2c5", size = 11617166, upload-time = "2024-09-20T13:09:06.917Z" },
    { url = "https://files.pythonhosted.org/packages/17/a3/fb2734118db0af37ea7433f57f722c0a56687e14b14690edff0cdb4b7e58/pandas-2.2.3-cp312-cp312-macosx_10_9_x86_64.whl", hash = "sha256:b1d432e8d08679a40e2a6d8b2f9770a5c21793a6f9f47fdd52c5ce1948a5a8a9", size = 12529893, upload-time = "2024-09-20T13:09:09.655Z" },
    { url = "https://files.pythonhosted.org/packages/e1/0c/ad295fd74bfac85358fd579e271cded3ac969de81f62dd0142c426b9da91/pandas-2.2.3-cp312-cp312-macosx_11_0_arm64.whl", hash = "sha256:a5a1595fe639f5988ba6a8e5bc9649af3baf26df3998a0abe56c02609392e0a4", size = 11363475, upload-time = "2024-09-20T13:09:14.718Z" },
    { url = "https://files.pythonhosted.org/packages/c6/2a/4bba3f03f7d07207481fed47f5b35f556c7441acddc368ec43d6643c5777/pandas-2.2.3-cp312-cp312-manylinux2014_aarch64.manylinux_2_17_aarch64.whl", hash = "sha256:5de54125a92bb4d1c051c0659e6fcb75256bf799a732a87184e5ea503965bce3", size = 15188645, upload-time = "2024-09-20T19:02:03.88Z" },
    { url = "https://files.pythonhosted.org/packages/38/f8/d8fddee9ed0d0c0f4a2132c1dfcf0e3e53265055da8df952a53e7eaf178c/pandas-2.2.3-cp312-cp312-manylinux_2_17_x86_64.manylinux2014_x86_64.whl", hash = "sha256:fffb8ae78d8af97f849404f21411c95062db1496aeb3e56f146f0355c9989319", size = 12739445, upload-time = "2024-09-20T13:09:17.621Z" },
    { url = "https://files.pythonhosted.org/packages/20/e8/45a05d9c39d2cea61ab175dbe6a2de1d05b679e8de2011da4ee190d7e748/pandas-2.2.3-cp312-cp312-musllinux_1_2_aarch64.whl", hash = "sha256:6dfcb5ee8d4d50c06a51c2fffa6cff6272098ad6540aed1a76d15fb9318194d8", size = 16359235, upload-time = "2024-09-20T19:02:07.094Z" },
    { url = "https://files.pythonhosted.org/packages/1d/99/617d07a6a5e429ff90c90da64d428516605a1ec7d7bea494235e1c3882de/pandas-2.2.3-cp312-cp312-musllinux_1_2_x86_64.whl", hash = "sha256:062309c1b9ea12a50e8ce661145c6aab431b1e99530d3cd60640e255778bd43a", size = 14056756, upload-time = "2024-09-20T13:09:20.474Z" },
    { url = "https://files.pythonhosted.org/packages/29/d4/1244ab8edf173a10fd601f7e13b9566c1b525c4f365d6bee918e68381889/pandas-2.2.3-cp312-cp312-win_amd64.whl", hash = "sha256:59ef3764d0fe818125a5097d2ae867ca3fa64df032331b7e0917cf5d7bf66b13", size = 11504248, upload-time = "2024-09-20T13:09:23.137Z" },
    { url = "https://files.pythonhosted.org/packages/ca/8c/8848a4c9b8fdf5a534fe2077af948bf53cd713d77ffbcd7bd15710348fd7/pandas-2.2.3-cp39-cp39-macosx_10_9_x86_64.whl", hash = "sha256:bc6b93f9b966093cb0fd62ff1a7e4c09e6d546ad7c1de191767baffc57628f39", size = 12595535, upload-time = "2024-09-20T13:09:51.339Z" },
    { url = "https://files.pythonhosted.org/packages/9c/b9/5cead4f63b6d31bdefeb21a679bc5a7f4aaf262ca7e07e2bc1c341b68470/pandas-2.2.3-cp39-cp39-macosx_11_0_arm64.whl", hash = "sha256:5dbca4c1acd72e8eeef4753eeca07de9b1db4f398669d5994086f788a5d7cc30", size = 11319822, upload-time = "2024-09-20T13:09:54.31Z" },
    { url = "https://files.pythonhosted.org/packages/31/af/89e35619fb573366fa68dc26dad6ad2c08c17b8004aad6d98f1a31ce4bb3/pandas-2.2.3-cp39-cp39-manylinux2014_aarch64.manylinux_2_17_aarch64.whl", hash = "sha256:8cd6d7cc958a3910f934ea8dbdf17b2364827bb4dafc38ce6eef6bb3d65ff09c", size = 15625439, upload-time = "2024-09-20T19:02:23.689Z" },
    { url = "https://files.pythonhosted.org/packages/3d/dd/bed19c2974296661493d7acc4407b1d2db4e2a482197df100f8f965b6225/pandas-2.2.3-cp39-cp39-manylinux_2_17_x86_64.manylinux2014_x86_64.whl", hash = "sha256:99df71520d25fade9db7c1076ac94eb994f4d2673ef2aa2e86ee039b6746d20c", size = 13068928, upload-time = "2024-09-20T13:09:56.746Z" },
    { url = "https://files.pythonhosted.org/packages/31/a3/18508e10a31ea108d746c848b5a05c0711e0278fa0d6f1c52a8ec52b80a5/pandas-2.2.3-cp39-cp39-musllinux_1_2_aarch64.whl", hash = "sha256:31d0ced62d4ea3e231a9f228366919a5ea0b07440d9d4dac345376fd8e1477ea", size = 16783266, upload-time = "2024-09-20T19:02:26.247Z" },
    { url = "https://files.pythonhosted.org/packages/c4/a5/3429bd13d82bebc78f4d78c3945efedef63a7cd0c15c17b2eeb838d1121f/pandas-2.2.3-cp39-cp39-musllinux_1_2_x86_64.whl", hash = "sha256:7eee9e7cea6adf3e3d24e304ac6b8300646e2a5d1cd3a3c2abed9101b0846761", size = 14450871, upload-time = "2024-09-20T13:09:59.779Z" },
    { url = "https://files.pythonhosted.org/packages/2f/49/5c30646e96c684570925b772eac4eb0a8cb0ca590fa978f56c5d3ae73ea1/pandas-2.2.3-cp39-cp39-win_amd64.whl", hash = "sha256:4850ba03528b6dd51d6c5d273c46f183f39a9baf3f0143e566b89450965b105e", size = 11618011, upload-time = "2024-09-20T13:10:02.351Z" },
]

[[package]]
name = "python-dateutil"
version = "2.9.0.post0"
source = { registry = "https://pypi.org/simple" }
dependencies = [
    { name = "six" },
]
sdist = { url = "https://files.pythonhosted.org/packages/66/c0/0c8b6ad9f17a802ee498c46e004a0eb49bc148f2fd230864601a86dcf6db/python-dateutil-2.9.0.post0.tar.gz", hash = "sha256:37dd54208da7e1cd875388217d5e00ebd4179249f90fb72437e91a35459a0ad3", size = 342432, upload-time = "2024-03-01T18:36:20.211Z" }
wheels = [
    { url = "https://files.pythonhosted.org/packages/ec/57/56b9bcc3c9c6a792fcbaf139543cee77261f3651ca9da0c93f5c1221264b/python_dateutil-2.9.0.post0-py2.py3-none-any.whl", hash = "sha256:a8b2bc7bffae282281c8140a97d3aa9c14da0b136dfe83f850eea9a5f7470427", size = 229892, upload-time = "2024-03-01T18:36:18.57Z" },
]

[[package]]
name = "pytz"
version = "2024.1"
source = { registry = "https://pypi.org/simple" }
sdist = { url = "https://files.pythonhosted.org/packages/90/26/9f1f00a5d021fff16dee3de13d43e5e978f3d58928e129c3a62cf7eb9738/pytz-2024.1.tar.gz", hash = "sha256:2a29735ea9c18baf14b448846bde5a48030ed267578472d8955cd0e7443a9812", size = 316214, upload-time = "2024-02-02T01:18:41.693Z" }
wheels = [
    { url = "https://files.pythonhosted.org/packages/9c/3d/a121f284241f08268b21359bd425f7d4825cffc5ac5cd0e1b3d82ffd2b10/pytz-2024.1-py2.py3-none-any.whl", hash = "sha256:328171f4e3623139da4983451950b28e95ac706e13f3f2630a879749e7a8b319", size = 505474, upload-time = "2024-02-02T01:18:37.283Z" },
]

[[package]]
name = "six"
version = "1.16.0"
source = { registry = "https://pypi.org/simple" }
sdist = { url = "https://files.pythonhosted.org/packages/71/39/171f1c67cd00715f190ba0b100d606d440a28c93c7714febeca8b79af85e/six-1.16.0.tar.gz", hash = "sha256:1e61c37477a1626458e36f7b1d82aa5c9b094fa4802892072e49de9c60c4c926", size = 34041, upload-time = "2021-05-05T14:18:18.379Z" }
wheels = [
    { url = "https://files.pythonhosted.org/packages/d9/5a/e7c31adbe875f2abbb91bd84cf2dc52d792b5a01506781dbcf25c91daf11/six-1.16.0-py2.py3-none-any.whl", hash = "sha256:8abb2f1d86890a2dfb989f9a77cfcfd3e47c2a354b01111771326f8aa26e0254", size = 11053, upload-time = "2021-05-05T14:18:17.237Z" },
]

[[package]]
name = "tomli"
version = "2.0.1"
source = { registry = "https://pypi.org/simple" }
sdist = { url = "https://files.pythonhosted.org/packages/c0/3f/d7af728f075fb08564c5949a9c95e44352e23dee646869fa104a3b2060a3/tomli-2.0.1.tar.gz", hash = "sha256:de526c12914f0c550d15924c62d72abc48d6fe7364aa87328337a31007fe8a4f", size = 15164, upload-time = "2022-02-08T10:54:04.006Z" }
wheels = [
    { url = "https://files.pythonhosted.org/packages/97/75/10a9ebee3fd790d20926a90a2547f0bf78f371b2f13aa822c759680ca7b9/tomli-2.0.1-py3-none-any.whl", hash = "sha256:939de3e7a6161af0c887ef91b7d41a53e7c5a1ca976325f429cb46ea9bc30ecc", size = 12757, upload-time = "2022-02-08T10:54:02.017Z" },
]

[[package]]
name = "typing-extensions"
version = "4.11.0"
source = { registry = "https://pypi.org/simple" }
sdist = { url = "https://files.pythonhosted.org/packages/f6/f3/b827b3ab53b4e3d8513914586dcca61c355fa2ce8252dea4da56e67bf8f2/typing_extensions-4.11.0.tar.gz", hash = "sha256:83f085bd5ca59c80295fc2a82ab5dac679cbe02b9f33f7d83af68e241bea51b0", size = 78744, upload-time = "2024-04-05T12:35:47.093Z" }
wheels = [
    { url = "https://files.pythonhosted.org/packages/01/f3/936e209267d6ef7510322191003885de524fc48d1b43269810cd589ceaf5/typing_extensions-4.11.0-py3-none-any.whl", hash = "sha256:c1f94d72897edaf4ce775bb7558d5b79d8126906a14ea5ed1635921406c0387a", size = 34698, upload-time = "2024-04-05T12:35:44.388Z" },
]

[[package]]
name = "tzdata"
version = "2024.1"
source = { registry = "https://pypi.org/simple" }
sdist = { url = "https://files.pythonhosted.org/packages/74/5b/e025d02cb3b66b7b76093404392d4b44343c69101cc85f4d180dd5784717/tzdata-2024.1.tar.gz", hash = "sha256:2674120f8d891909751c38abcdfd386ac0a5a1127954fbc332af6b5ceae07efd", size = 190559, upload-time = "2024-02-11T23:22:40.2Z" }
wheels = [
    { url = "https://files.pythonhosted.org/packages/65/58/f9c9e6be752e9fcb8b6a0ee9fb87e6e7a1f6bcab2cdc73f02bb7ba91ada0/tzdata-2024.1-py2.py3-none-any.whl", hash = "sha256:9068bc196136463f5245e51efda838afa15aaeca9903f49050dfa2679db4d252", size = 345370, upload-time = "2024-02-11T23:22:38.223Z" },
]
